
Microsoft Visual Studio Solution File, Format Version 12.00
# Visual Studio Version 17
VisualStudioVersion = 17.14.37012.4 d17.14
MinimumVisualStudioVersion = 10.0.40219.1
Project("{FAE04EC0-301F-11D3-BF4B-00C04F79EFBC}") = "LibreriaUniversitariaMVC", "LibreriaUniversitariaMVC\LibreriaUniversitariaMVC.csproj", "{98108165-294E-42CB-8E84-AD5D14A60127}"
EndProject
Global
	GlobalSection(SolutionConfigurationPlatforms) = preSolution
		Debug|Any CPU = Debug|Any CPU
		Release|Any CPU = Release|Any CPU
	EndGlobalSection
	GlobalSection(ProjectConfigurationPlatforms) = postSolution
		{98108165-294E-42CB-8E84-AD5D14A60127}.Debug|Any CPU.ActiveCfg = Debug|Any CPU
		{98108165-294E-42CB-8E84-AD5D14A60127}.Debug|Any CPU.Build.0 = Debug|Any CPU
		{98108165-294E-42CB-8E84-AD5D14A60127}.Release|Any CPU.ActiveCfg = Release|Any CPU
		{98108165-294E-42CB-8E84-AD5D14A60127}.Release|Any CPU.Build.0 = Release|Any CPU
	EndGlobalSection
	GlobalSection(SolutionProperties) = preSolution
		HideSolutionNode = FALSE
	EndGlobalSection
	GlobalSection(ExtensibilityGlobals) = postSolution
		SolutionGuid = {13BF762B-13B3-4361-B027-508E978F7EA0}
	EndGlobalSection
EndGlobal
